
Microsoft Visual Studio Solution File, Format Version 12.00
# Visual Studio Version 16
VisualStudioVersion = 16.0.29418.71
MinimumVisualStudioVersion = 10.0.40219.1
Project("{FAE04EC0-301F-11D3-BF4B-00C04F79EFBC}") = "NLogUsage", "NLogUsage\NLogUsage.csproj", "{D1AAEC7B-7AE5-4249-BDE4-A127A634BCAE}"
EndProject
Global
	GlobalSection(SolutionConfigurationPlatforms) = preSolution
		Debug|Any CPU = Debug|Any CPU
		Release|Any CPU = Release|Any CPU
	EndGlobalSection
	GlobalSection(ProjectConfigurationPlatforms) = postSolution
		{D1AAEC7B-7AE5-4249-BDE4-A127A634BCAE}.Debug|Any CPU.ActiveCfg = Debug|Any CPU
		{D1AAEC7B-7AE5-4249-BDE4-A127A634BCAE}.Debug|Any CPU.Build.0 = Debug|Any CPU
		{D1AAEC7B-7AE5-4249-BDE4-A127A634BCAE}.Release|Any CPU.ActiveCfg = Release|Any CPU
		{D1AAEC7B-7AE5-4249-BDE4-A127A634BCAE}.Release|Any CPU.Build.0 = Release|Any CPU
	EndGlobalSection
	GlobalSection(SolutionProperties) = preSolution
		HideSolutionNode = FALSE
	EndGlobalSection
	GlobalSection(ExtensibilityGlobals) = postSolution
		SolutionGuid = {B78A140D-5290-4D95-B00F-BCE7F25B405E}
	EndGlobalSection
EndGlobal
